// !$*UTF8*$!
{
	archiveVersion = 1;
	classes = {
	};
	objectVersion = 50;
	objects = {

/* Begin PBXBuildFile section */
		6184F42969BB4C4FCDC9B02B /* Pods_GitUserSearchMVI.framework in Frameworks */ = {isa = PBXBuildFile; fileRef = 1592559D8AFC1E2CE9E59066 /* Pods_GitUserSearchMVI.framework */; };
		6E370D9E2091DD380021E4DC /* AppDelegate.swift in Sources */ = {isa = PBXBuildFile; fileRef = 6E370D9D2091DD380021E4DC /* AppDelegate.swift */; };
		6E370DA32091DD380021E4DC /* Main.storyboard in Resources */ = {isa = PBXBuildFile; fileRef = 6E370DA12091DD380021E4DC /* Main.storyboard */; };
		6E370DA52091DD3A0021E4DC /* Assets.xcassets in Resources */ = {isa = PBXBuildFile; fileRef = 6E370DA42091DD3A0021E4DC /* Assets.xcassets */; };
		6E370DA82091DD3A0021E4DC /* LaunchScreen.storyboard in Resources */ = {isa = PBXBuildFile; fileRef = 6E370DA62091DD3A0021E4DC /* LaunchScreen.storyboard */; };
		6E370DB32091DD3A0021E4DC /* GitUserSearchMVITests.swift in Sources */ = {isa = PBXBuildFile; fileRef = 6E370DB22091DD3A0021E4DC /* GitUserSearchMVITests.swift */; };
		6E370DBE2091DD3A0021E4DC /* GitUserSearchMVIUITests.swift in Sources */ = {isa = PBXBuildFile; fileRef = 6E370DBD2091DD3A0021E4DC /* GitUserSearchMVIUITests.swift */; };
		6E370DCC2091EAFA0021E4DC /* User.swift in Sources */ = {isa = PBXBuildFile; fileRef = 6E370DCB2091EAFA0021E4DC /* User.swift */; };
		6E370DCE2091F1C40021E4DC /* SearchReactor.swift in Sources */ = {isa = PBXBuildFile; fileRef = 6E370DCD2091F1C40021E4DC /* SearchReactor.swift */; };
		6E438AFA2092FF66006A27FC /* SearchViewController.swift in Sources */ = {isa = PBXBuildFile; fileRef = 6E438AF92092FF66006A27FC /* SearchViewController.swift */; };
		6E4FFBD9209485BD00316346 /* DOHttpManager.swift in Sources */ = {isa = PBXBuildFile; fileRef = 6E4FFBD8209485BD00316346 /* DOHttpManager.swift */; };
		AF46CADD5188DDFE15336AE2 /* Pods_GitUserSearchMVITests.framework in Frameworks */ = {isa = PBXBuildFile; fileRef = D80DFBEC5BA38C32A074ED7B /* Pods_GitUserSearchMVITests.framework */; };
		ECAD561CD97F32F98D5C2B76 /* Pods_GitUserSearchMVIUITests.framework in Frameworks */ = {isa = PBXBuildFile; fileRef = 882AD03FDED67B5FC12A74EC /* Pods_GitUserSearchMVIUITests.framework */; };
/* End PBXBuildFile section */

/* Begin PBXContainerItemProxy section */
		6E370DAF2091DD3A0021E4DC /* PBXContainerItemProxy */ = {
			isa = PBXContainerItemProxy;
			containerPortal = 6E370D922091DD380021E4DC /* Project object */;
			proxyType = 1;
			remoteGlobalIDString = 6E370D992091DD380021E4DC;
			remoteInfo = GitUserSearchMVI;
		};
		6E370DBA2091DD3A0021E4DC /* PBXContainerItemProxy */ = {
			isa = PBXContainerItemProxy;
			containerPortal = 6E370D922091DD380021E4DC /* Project object */;
			proxyType = 1;
			remoteGlobalIDString = 6E370D992091DD380021E4DC;
			remoteInfo = GitUserSearchMVI;
		};
/* End PBXContainerItemProxy section */

/* Begin PBXFileReference section */
		1592559D8AFC1E2CE9E59066 /* Pods_GitUserSearchMVI.framework */ = {isa = PBXFileReference; explicitFileType = wrapper.framework; includeInIndex = 0; path = Pods_GitUserSearchMVI.framework; sourceTree = BUILT_PRODUCTS_DIR; };
		267233192B782D953080202B /* Pods-GitUserSearchMVI.debug.xcconfig */ = {isa = PBXFileReference; includeInIndex = 1; lastKnownFileType = text.xcconfig; name = "Pods-GitUserSearchMVI.debug.xcconfig"; path = "Pods/Target Support Files/Pods-GitUserSearchMVI/Pods-GitUserSearchMVI.debug.xcconfig"; sourceTree = "<group>"; };
		4B755D74F669422162B51A99 /* Pods-GitUserSearchMVITests.debug.xcconfig */ = {isa = PBXFileReference; includeInIndex = 1; lastKnownFileType = text.xcconfig; name = "Pods-GitUserSearchMVITests.debug.xcconfig"; path = "Pods/Target Support Files/Pods-GitUserSearchMVITests/Pods-GitUserSearchMVITests.debug.xcconfig"; sourceTree = "<group>"; };
		6E370D9A2091DD380021E4DC /* GitUserSearchMVI.app */ = {isa = PBXFileReference; explicitFileType = wrapper.application; includeInIndex = 0; path = GitUserSearchMVI.app; sourceTree = BUILT_PRODUCTS_DIR; };
		6E370D9D2091DD380021E4DC /* AppDelegate.swift */ = {isa = PBXFileReference; lastKnownFileType = sourcecode.swift; path = AppDelegate.swift; sourceTree = "<group>"; };
		6E370DA22091DD380021E4DC /* Base */ = {isa = PBXFileReference; lastKnownFileType = file.storyboard; name = Base; path = Base.lproj/Main.storyboard; sourceTree = "<group>"; };
		6E370DA42091DD3A0021E4DC /* Assets.xcassets */ = {isa = PBXFileReference; lastKnownFileType = folder.assetcatalog; path = Assets.xcassets; sourceTree = "<group>"; };
		6E370DA72091DD3A0021E4DC /* Base */ = {isa = PBXFileReference; lastKnownFileType = file.storyboard; name = Base; path = Base.lproj/LaunchScreen.storyboard; sourceTree = "<group>"; };
		6E370DA92091DD3A0021E4DC /* Info.plist */ = {isa = PBXFileReference; lastKnownFileType = text.plist.xml; path = Info.plist; sourceTree = "<group>"; };
		6E370DAE2091DD3A0021E4DC /* GitUserSearchMVITests.xctest */ = {isa = PBXFileReference; explicitFileType = wrapper.cfbundle; includeInIndex = 0; path = GitUserSearchMVITests.xctest; sourceTree = BUILT_PRODUCTS_DIR; };
		6E370DB22091DD3A0021E4DC /* GitUserSearchMVITests.swift */ = {isa = PBXFileReference; lastKnownFileType = sourcecode.swift; path = GitUserSearchMVITests.swift; sourceTree = "<group>"; };
		6E370DB42091DD3A0021E4DC /* Info.plist */ = {isa = PBXFileReference; lastKnownFileType = text.plist.xml; path = Info.plist; sourceTree = "<group>"; };
		6E370DB92091DD3A0021E4DC /* GitUserSearchMVIUITests.xctest */ = {isa = PBXFileReference; explicitFileType = wrapper.cfbundle; includeInIndex = 0; path = GitUserSearchMVIUITests.xctest; sourceTree = BUILT_PRODUCTS_DIR; };
		6E370DBD2091DD3A0021E4DC /* GitUserSearchMVIUITests.swift */ = {isa = PBXFileReference; lastKnownFileType = sourcecode.swift; path = GitUserSearchMVIUITests.swift; sourceTree = "<group>"; };
		6E370DBF2091DD3A0021E4DC /* Info.plist */ = {isa = PBXFileReference; lastKnownFileType = text.plist.xml; path = Info.plist; sourceTree = "<group>"; };
		6E370DCB2091EAFA0021E4DC /* User.swift */ = {isa = PBXFileReference; lastKnownFileType = sourcecode.swift; path = User.swift; sourceTree = "<group>"; };
		6E370DCD2091F1C40021E4DC /* SearchReactor.swift */ = {isa = PBXFileReference; lastKnownFileType = sourcecode.swift; path = SearchReactor.swift; sourceTree = "<group>"; };
		6E438AF92092FF66006A27FC /* SearchViewController.swift */ = {isa = PBXFileReference; lastKnownFileType = sourcecode.swift; path = SearchViewController.swift; sourceTree = "<group>"; };
		6E4FFBD8209485BD00316346 /* DOHttpManager.swift */ = {isa = PBXFileReference; lastKnownFileType = sourcecode.swift; path = DOHttpManager.swift; sourceTree = "<group>"; };
		7C955331D6B94780C76054BF /* Pods-GitUserSearchMVIUITests.debug.xcconfig */ = {isa = PBXFileReference; includeInIndex = 1; lastKnownFileType = text.xcconfig; name = "Pods-GitUserSearchMVIUITests.debug.xcconfig"; path = "Pods/Target Support Files/Pods-GitUserSearchMVIUITests/Pods-GitUserSearchMVIUITests.debug.xcconfig"; sourceTree = "<group>"; };
		882AD03FDED67B5FC12A74EC /* Pods_GitUserSearchMVIUITests.framework */ = {isa = PBXFileReference; explicitFileType = wrapper.framework; includeInIndex = 0; path = Pods_GitUserSearchMVIUITests.framework; sourceTree = BUILT_PRODUCTS_DIR; };
		A79893DD4F2715CED5E0B0CA /* Pods-GitUserSearchMVITests.release.xcconfig */ = {isa = PBXFileReference; includeInIndex = 1; lastKnownFileType = text.xcconfig; name = "Pods-GitUserSearchMVITests.release.xcconfig"; path = "Pods/Target Support Files/Pods-GitUserSearchMVITests/Pods-GitUserSearchMVITests.release.xcconfig"; sourceTree = "<group>"; };
		B0EE40F3BEB425463D2F6E49 /* Pods-GitUserSearchMVI.release.xcconfig */ = {isa = PBXFileReference; includeInIndex = 1; lastKnownFileType = text.xcconfig; name = "Pods-GitUserSearchMVI.release.xcconfig"; path = "Pods/Target Support Files/Pods-GitUserSearchMVI/Pods-GitUserSearchMVI.release.xcconfig"; sourceTree = "<group>"; };
		B9FA6CCB7A63AE9965302FBE /* Pods-GitUserSearchMVIUITests.release.xcconfig */ = {isa = PBXFileReference; includeInIndex = 1; lastKnownFileType = text.xcconfig; name = "Pods-GitUserSearchMVIUITests.release.xcconfig"; path = "Pods/Target Support Files/Pods-GitUserSearchMVIUITests/Pods-GitUserSearchMVIUITests.release.xcconfig"; sourceTree = "<group>"; };
		D80DFBEC5BA38C32A074ED7B /* Pods_GitUserSearchMVITests.framework */ = {isa = PBXFileReference; explicitFileType = wrapper.framework; includeInIndex = 0; path = Pods_GitUserSearchMVITests.framework; sourceTree = BUILT_PRODUCTS_DIR; };
/* End PBXFileReference section */

/* Begin PBXFrameworksBuildPhase section */
		6E370D972091DD380021E4DC /* Frameworks */ = {
			isa = PBXFrameworksBuildPhase;
			buildActionMask = 2147483647;
			files = (
				6184F42969BB4C4FCDC9B02B /* Pods_GitUserSearchMVI.framework in Frameworks */,
			);
			runOnlyForDeploymentPostprocessing = 0;
		};
		6E370DAB2091DD3A0021E4DC /* Frameworks */ = {
			isa = PBXFrameworksBuildPhase;
			buildActionMask = 2147483647;
			files = (
				AF46CADD5188DDFE15336AE2 /* Pods_GitUserSearchMVITests.framework in Frameworks */,
			);
			runOnlyForDeploymentPostprocessing = 0;
		};
		6E370DB62091DD3A0021E4DC /* Frameworks */ = {
			isa = PBXFrameworksBuildPhase;
			buildActionMask = 2147483647;
			files = (
				ECAD561CD97F32F98D5C2B76 /* Pods_GitUserSearchMVIUITests.framework in Frameworks */,
			);
			runOnlyForDeploymentPostprocessing = 0;
		};
/* End PBXFrameworksBuildPhase section */

/* Begin PBXGroup section */
		3A236BF15584BA0FFC5BF187 /* Pods */ = {
			isa = PBXGroup;
			children = (
				267233192B782D953080202B /* Pods-GitUserSearchMVI.debug.xcconfig */,
				B0EE40F3BEB425463D2F6E49 /* Pods-GitUserSearchMVI.release.xcconfig */,
				4B755D74F669422162B51A99 /* Pods-GitUserSearchMVITests.debug.xcconfig */,
				A79893DD4F2715CED5E0B0CA /* Pods-GitUserSearchMVITests.release.xcconfig */,
				7C955331D6B94780C76054BF /* Pods-GitUserSearchMVIUITests.debug.xcconfig */,
				B9FA6CCB7A63AE9965302FBE /* Pods-GitUserSearchMVIUITests.release.xcconfig */,
			);
			name = Pods;
			sourceTree = "<group>";
		};
		6E370D912091DD380021E4DC = {
			isa = PBXGroup;
			children = (
				6E370D9C2091DD380021E4DC /* GitUserSearchMVI */,
				6E370DB12091DD3A0021E4DC /* GitUserSearchMVITests */,
				6E370DBC2091DD3A0021E4DC /* GitUserSearchMVIUITests */,
				6E370D9B2091DD380021E4DC /* Products */,
				3A236BF15584BA0FFC5BF187 /* Pods */,
				9444EE4F1C7FB5CB6F8F3385 /* Frameworks */,
			);
			sourceTree = "<group>";
		};
		6E370D9B2091DD380021E4DC /* Products */ = {
			isa = PBXGroup;
			children = (
				6E370D9A2091DD380021E4DC /* GitUserSearchMVI.app */,
				6E370DAE2091DD3A0021E4DC /* GitUserSearchMVITests.xctest */,
				6E370DB92091DD3A0021E4DC /* GitUserSearchMVIUITests.xctest */,
			);
			name = Products;
			sourceTree = "<group>";
		};
		6E370D9C2091DD380021E4DC /* GitUserSearchMVI */ = {
			isa = PBXGroup;
			children = (
				6E370D9D2091DD380021E4DC /* AppDelegate.swift */,
				6E370DA12091DD380021E4DC /* Main.storyboard */,
				6E370DA42091DD3A0021E4DC /* Assets.xcassets */,
				6E370DA62091DD3A0021E4DC /* LaunchScreen.storyboard */,
				6E370DA92091DD3A0021E4DC /* Info.plist */,
				6E370DCB2091EAFA0021E4DC /* User.swift */,
				6E370DCD2091F1C40021E4DC /* SearchReactor.swift */,
				6E438AF92092FF66006A27FC /* SearchViewController.swift */,
				6E4FFBD8209485BD00316346 /* DOHttpManager.swift */,
			);
			path = GitUserSearchMVI;
			sourceTree = "<group>";
		};
		6E370DB12091DD3A0021E4DC /* GitUserSearchMVITests */ = {
			isa = PBXGroup;
			children = (
				6E370DB22091DD3A0021E4DC /* GitUserSearchMVITests.swift */,
				6E370DB42091DD3A0021E4DC /* Info.plist */,
			);
			path = GitUserSearchMVITests;
			sourceTree = "<group>";
		};
		6E370DBC2091DD3A0021E4DC /* GitUserSearchMVIUITests */ = {
			isa = PBXGroup;
			children = (
				6E370DBD2091DD3A0021E4DC /* GitUserSearchMVIUITests.swift */,
				6E370DBF2091DD3A0021E4DC /* Info.plist */,
			);
			path = GitUserSearchMVIUITests;
			sourceTree = "<group>";
		};
		9444EE4F1C7FB5CB6F8F3385 /* Frameworks */ = {
			isa = PBXGroup;
			children = (
				1592559D8AFC1E2CE9E59066 /* Pods_GitUserSearchMVI.framework */,
				D80DFBEC5BA38C32A074ED7B /* Pods_GitUserSearchMVITests.framework */,
				882AD03FDED67B5FC12A74EC /* Pods_GitUserSearchMVIUITests.framework */,
			);
			name = Frameworks;
			sourceTree = "<group>";
		};
/* End PBXGroup section */

/* Begin PBXNativeTarget section */
		6E370D992091DD380021E4DC /* GitUserSearchMVI */ = {
			isa = PBXNativeTarget;
			buildConfigurationList = 6E370DC22091DD3A0021E4DC /* Build configuration list for PBXNativeTarget "GitUserSearchMVI" */;
			buildPhases = (
				D3678397E8351A958BC7FB74 /* [CP] Check Pods Manifest.lock */,
				6E370D962091DD380021E4DC /* Sources */,
				6E370D972091DD380021E4DC /* Frameworks */,
				6E370D982091DD380021E4DC /* Resources */,
				5514C085DFB71C04DEAE727C /* [CP] Embed Pods Frameworks */,
			);
			buildRules = (
			);
			dependencies = (
			);
			name = GitUserSearchMVI;
			productName = GitUserSearchMVI;
			productReference = 6E370D9A2091DD380021E4DC /* GitUserSearchMVI.app */;
			productType = "com.apple.product-type.application";
		};
		6E370DAD2091DD3A0021E4DC /* GitUserSearchMVITests */ = {
			isa = PBXNativeTarget;
			buildConfigurationList = 6E370DC52091DD3A0021E4DC /* Build configuration list for PBXNativeTarget "GitUserSearchMVITests" */;
			buildPhases = (
				1EEBE7D155D10C39F127EEB7 /* [CP] Check Pods Manifest.lock */,
				6E370DAA2091DD3A0021E4DC /* Sources */,
				6E370DAB2091DD3A0021E4DC /* Frameworks */,
				6E370DAC2091DD3A0021E4DC /* Resources */,
			);
			buildRules = (
			);
			dependencies = (
				6E370DB02091DD3A0021E4DC /* PBXTargetDependency */,
			);
			name = GitUserSearchMVITests;
			productName = GitUserSearchMVITests;
			productReference = 6E370DAE2091DD3A0021E4DC /* GitUserSearchMVITests.xctest */;
			productType = "com.apple.product-type.bundle.unit-test";
		};
		6E370DB82091DD3A0021E4DC /* GitUserSearchMVIUITests */ = {
			isa = PBXNativeTarget;
			buildConfigurationList = 6E370DC82091DD3A0021E4DC /* Build configuration list for PBXNativeTarget "GitUserSearchMVIUITests" */;
			buildPhases = (
				D61E4C23BF1CF04B5AD6C859 /* [CP] Check Pods Manifest.lock */,
				6E370DB52091DD3A0021E4DC /* Sources */,
				6E370DB62091DD3A0021E4DC /* Frameworks */,
				6E370DB72091DD3A0021E4DC /* Resources */,
			);
			buildRules = (
			);
			dependencies = (
				6E370DBB2091DD3A0021E4DC /* PBXTargetDependency */,
			);
			name = GitUserSearchMVIUITests;
			productName = GitUserSearchMVIUITests;
			productReference = 6E370DB92091DD3A0021E4DC /* GitUserSearchMVIUITests.xctest */;
			productType = "com.apple.product-type.bundle.ui-testing";
		};
/* End PBXNativeTarget section */

/* Begin PBXProject section */
		6E370D922091DD380021E4DC /* Project object */ = {
			isa = PBXProject;
			attributes = {
				LastSwiftUpdateCheck = 0930;
				LastUpgradeCheck = 0930;
				ORGANIZATIONNAME = Dogether;
				TargetAttributes = {
					6E370D992091DD380021E4DC = {
						CreatedOnToolsVersion = 9.3;
					};
					6E370DAD2091DD3A0021E4DC = {
						CreatedOnToolsVersion = 9.3;
						TestTargetID = 6E370D992091DD380021E4DC;
					};
					6E370DB82091DD3A0021E4DC = {
						CreatedOnToolsVersion = 9.3;
						TestTargetID = 6E370D992091DD380021E4DC;
					};
				};
			};
			buildConfigurationList = 6E370D952091DD380021E4DC /* Build configuration list for PBXProject "GitUserSearchMVI" */;
			compatibilityVersion = "Xcode 9.3";
			developmentRegion = en;
			hasScannedForEncodings = 0;
			knownRegions = (
				en,
				Base,
			);
			mainGroup = 6E370D912091DD380021E4DC;
			productRefGroup = 6E370D9B2091DD380021E4DC /* Products */;
			projectDirPath = "";
			projectRoot = "";
			targets = (
				6E370D992091DD380021E4DC /* GitUserSearchMVI */,
				6E370DAD2091DD3A0021E4DC /* GitUserSearchMVITests */,
				6E370DB82091DD3A0021E4DC /* GitUserSearchMVIUITests */,
			);
		};
/* End PBXProject section */

/* Begin PBXResourcesBuildPhase section */
		6E370D982091DD380021E4DC /* Resources */ = {
			isa = PBXResourcesBuildPhase;
			buildActionMask = 2147483647;
			files = (
				6E370DA82091DD3A0021E4DC /* LaunchScreen.storyboard in Resources */,
				6E370DA52091DD3A0021E4DC /* Assets.xcassets in Resources */,
				6E370DA32091DD380021E4DC /* Main.storyboard in Resources */,
			);
			runOnlyForDeploymentPostprocessing = 0;
		};
		6E370DAC2091DD3A0021E4DC /* Resources */ = {
			isa = PBXResourcesBuildPhase;
			buildActionMask = 2147483647;
			files = (
			);
			runOnlyForDeploymentPostprocessing = 0;
		};
		6E370DB72091DD3A0021E4DC /* Resources */ = {
			isa = PBXResourcesBuildPhase;
			buildActionMask = 2147483647;
			files = (
			);
			runOnlyForDeploymentPostprocessing = 0;
		};
/* End PBXResourcesBuildPhase section */

/* Begin PBXShellScriptBuildPhase section */
		1EEBE7D155D10C39F127EEB7 /* [CP] Check Pods Manifest.lock */ = {
			isa = PBXShellScriptBuildPhase;
			buildActionMask = 2147483647;
			files = (
			);
			inputPaths = (
				"${PODS_PODFILE_DIR_PATH}/Podfile.lock",
				"${PODS_ROOT}/Manifest.lock",
			);
			name = "[CP] Check Pods Manifest.lock";
			outputPaths = (
				"$(DERIVED_FILE_DIR)/Pods-GitUserSearchMVITests-checkManifestLockResult.txt",
			);
			runOnlyForDeploymentPostprocessing = 0;
			shellPath = /bin/sh;
			shellScript = "diff \"${PODS_PODFILE_DIR_PATH}/Podfile.lock\" \"${PODS_ROOT}/Manifest.lock\" > /dev/null\nif [ $? != 0 ] ; then\n    # print error to STDERR\n    echo \"error: The sandbox is not in sync with the Podfile.lock. Run 'pod install' or update your CocoaPods installation.\" >&2\n    exit 1\nfi\n# This output is used by Xcode 'outputs' to avoid re-running this script phase.\necho \"SUCCESS\" > \"${SCRIPT_OUTPUT_FILE_0}\"\n";
			showEnvVarsInLog = 0;
		};
		5514C085DFB71C04DEAE727C /* [CP] Embed Pods Frameworks */ = {
			isa = PBXShellScriptBuildPhase;
			buildActionMask = 2147483647;
			files = (
			);
			inputPaths = (
				"${SRCROOT}/Pods/Target Support Files/Pods-GitUserSearchMVI/Pods-GitUserSearchMVI-frameworks.sh",
				"${BUILT_PRODUCTS_DIR}/Alamofire/Alamofire.framework",
				"${BUILT_PRODUCTS_DIR}/ObjectMapper/ObjectMapper.framework",
				"${BUILT_PRODUCTS_DIR}/ObjectMapper+Realm/ObjectMapper_Realm.framework",
				"${BUILT_PRODUCTS_DIR}/ReactorKit/ReactorKit.framework",
				"${BUILT_PRODUCTS_DIR}/Realm/Realm.framework",
				"${BUILT_PRODUCTS_DIR}/RealmSwift/RealmSwift.framework",
				"${BUILT_PRODUCTS_DIR}/RxAlamofire/RxAlamofire.framework",
				"${BUILT_PRODUCTS_DIR}/RxCocoa/RxCocoa.framework",
				"${BUILT_PRODUCTS_DIR}/RxSwift/RxSwift.framework",
			);
			name = "[CP] Embed Pods Frameworks";
			outputPaths = (
				"${TARGET_BUILD_DIR}/${FRAMEWORKS_FOLDER_PATH}/Alamofire.framework",
				"${TARGET_BUILD_DIR}/${FRAMEWORKS_FOLDER_PATH}/ObjectMapper.framework",
				"${TARGET_BUILD_DIR}/${FRAMEWORKS_FOLDER_PATH}/ObjectMapper_Realm.framework",
				"${TARGET_BUILD_DIR}/${FRAMEWORKS_FOLDER_PATH}/ReactorKit.framework",
				"${TARGET_BUILD_DIR}/${FRAMEWORKS_FOLDER_PATH}/Realm.framework",
				"${TARGET_BUILD_DIR}/${FRAMEWORKS_FOLDER_PATH}/RealmSwift.framework",
				"${TARGET_BUILD_DIR}/${FRAMEWORKS_FOLDER_PATH}/RxAlamofire.framework",
				"${TARGET_BUILD_DIR}/${FRAMEWORKS_FOLDER_PATH}/RxCocoa.framework",
				"${TARGET_BUILD_DIR}/${FRAMEWORKS_FOLDER_PATH}/RxSwift.framework",
			);
			runOnlyForDeploymentPostprocessing = 0;
			shellPath = /bin/sh;
			shellScript = "\"${SRCROOT}/Pods/Target Support Files/Pods-GitUserSearchMVI/Pods-GitUserSearchMVI-frameworks.sh\"\n";
			showEnvVarsInLog = 0;
		};
		D3678397E8351A958BC7FB74 /* [CP] Check Pods Manifest.lock */ = {
			isa = PBXShellScriptBuildPhase;
			buildActionMask = 2147483647;
			files = (
			);
			inputPaths = (
				"${PODS_PODFILE_DIR_PATH}/Podfile.lock",
				"${PODS_ROOT}/Manifest.lock",
			);
			name = "[CP] Check Pods Manifest.lock";
			outputPaths = (
				"$(DERIVED_FILE_DIR)/Pods-GitUserSearchMVI-checkManifestLockResult.txt",
			);
			runOnlyForDeploymentPostprocessing = 0;
			shellPath = /bin/sh;
			shellScript = "diff \"${PODS_PODFILE_DIR_PATH}/Podfile.lock\" \"${PODS_ROOT}/Manifest.lock\" > /dev/null\nif [ $? != 0 ] ; then\n    # print error to STDERR\n    echo \"error: The sandbox is not in sync with the Podfile.lock. Run 'pod install' or update your CocoaPods installation.\" >&2\n    exit 1\nfi\n# This output is used by Xcode 'outputs' to avoid re-running this script phase.\necho \"SUCCESS\" > \"${SCRIPT_OUTPUT_FILE_0}\"\n";
			showEnvVarsInLog = 0;
		};
		D61E4C23BF1CF04B5AD6C859 /* [CP] Check Pods Manifest.lock */ = {
			isa = PBXShellScriptBuildPhase;
			buildActionMask = 2147483647;
			files = (
			);
			inputPaths = (
				"${PODS_PODFILE_DIR_PATH}/Podfile.lock",
				"${PODS_ROOT}/Manifest.lock",
			);
			name = "[CP] Check Pods Manifest.lock";
			outputPaths = (
				"$(DERIVED_FILE_DIR)/Pods-GitUserSearchMVIUITests-checkManifestLockResult.txt",
			);
			runOnlyForDeploymentPostprocessing = 0;
			shellPath = /bin/sh;
			shellScript = "diff \"${PODS_PODFILE_DIR_PATH}/Podfile.lock\" \"${PODS_ROOT}/Manifest.lock\" > /dev/null\nif [ $? != 0 ] ; then\n    # print error to STDERR\n    echo \"error: The sandbox is not in sync with the Podfile.lock. Run 'pod install' or update your CocoaPods installation.\" >&2\n    exit 1\nfi\n# This output is used by Xcode 'outputs' to avoid re-running this script phase.\necho \"SUCCESS\" > \"${SCRIPT_OUTPUT_FILE_0}\"\n";
			showEnvVarsInLog = 0;
		};
/* End PBXShellScriptBuildPhase section */

/* Begin PBXSourcesBuildPhase section */
		6E370D962091DD380021E4DC /* Sources */ = {
			isa = PBXSourcesBuildPhase;
			buildActionMask = 2147483647;
			files = (
				6E370DCC2091EAFA0021E4DC /* User.swift in Sources */,
				6E370DCE2091F1C40021E4DC /* SearchReactor.swift in Sources */,
				6E4FFBD9209485BD00316346 /* DOHttpManager.swift in Sources */,
				6E438AFA2092FF66006A27FC /* SearchViewController.swift in Sources */,
				6E370D9E2091DD380021E4DC /* AppDelegate.swift in Sources */,
			);
			runOnlyForDeploymentPostprocessing = 0;
		};
		6E370DAA2091DD3A0021E4DC /* Sources */ = {
			isa = PBXSourcesBuildPhase;
			buildActionMask = 2147483647;
			files = (
				6E370DB32091DD3A0021E4DC /* GitUserSearchMVITests.swift in Sources */,
			);
			runOnlyForDeploymentPostprocessing = 0;
		};
		6E370DB52091DD3A0021E4DC /* Sources */ = {
			isa = PBXSourcesBuildPhase;
			buildActionMask = 2147483647;
			files = (
				6E370DBE2091DD3A0021E4DC /* GitUserSearchMVIUITests.swift in Sources */,
			);
			runOnlyForDeploymentPostprocessing = 0;
		};
/* End PBXSourcesBuildPhase section */

/* Begin PBXTargetDependency section */
		6E370DB02091DD3A0021E4DC /* PBXTargetDependency */ = {
			isa = PBXTargetDependency;
			target = 6E370D992091DD380021E4DC /* GitUserSearchMVI */;
			targetProxy = 6E370DAF2091DD3A0021E4DC /* PBXContainerItemProxy */;
		};
		6E370DBB2091DD3A0021E4DC /* PBXTargetDependency */ = {
			isa = PBXTargetDependency;
			target = 6E370D992091DD380021E4DC /* GitUserSearchMVI */;
			targetProxy = 6E370DBA2091DD3A0021E4DC /* PBXContainerItemProxy */;
		};
/* End PBXTargetDependency section */

/* Begin PBXVariantGroup section */
		6E370DA12091DD380021E4DC /* Main.storyboard */ = {
			isa = PBXVariantGroup;
			children = (
				6E370DA22091DD380021E4DC /* Base */,
			);
			name = Main.storyboard;
			sourceTree = "<group>";
		};
		6E370DA62091DD3A0021E4DC /* LaunchScreen.storyboard */ = {
			isa = PBXVariantGroup;
			children = (
				6E370DA72091DD3A0021E4DC /* Base */,
			);
			name = LaunchScreen.storyboard;
			sourceTree = "<group>";
		};
/* End PBXVariantGroup section */

/* Begin XCBuildConfiguration section */
		6E370DC02091DD3A0021E4DC /* Debug */ = {
			isa = XCBuildConfiguration;
			buildSettings = {
				ALWAYS_SEARCH_USER_PATHS = NO;
				CLANG_ANALYZER_NONNULL = YES;
				CLANG_ANALYZER_NUMBER_OBJECT_CONVERSION = YES_AGGRESSIVE;
				CLANG_CXX_LANGUAGE_STANDARD = "gnu++14";
				CLANG_CXX_LIBRARY = "libc++";
				CLANG_ENABLE_MODULES = YES;
				CLANG_ENABLE_OBJC_ARC = YES;
				CLANG_ENABLE_OBJC_WEAK = YES;
				CLANG_WARN_BLOCK_CAPTURE_AUTORELEASING = YES;
				CLANG_WARN_BOOL_CONVERSION = YES;
				CLANG_WARN_COMMA = YES;
				CLANG_WARN_CONSTANT_CONVERSION = YES;
				CLANG_WARN_DEPRECATED_OBJC_IMPLEMENTATIONS = YES;
				CLANG_WARN_DIRECT_OBJC_ISA_USAGE = YES_ERROR;
				CLANG_WARN_DOCUMENTATION_COMMENTS = YES;
				CLANG_WARN_EMPTY_BODY = YES;
				CLANG_WARN_ENUM_CONVERSION = YES;
				CLANG_WARN_INFINITE_RECURSION = YES;
				CLANG_WARN_INT_CONVERSION = YES;
				CLANG_WARN_NON_LITERAL_NULL_CONVERSION = YES;
				CLANG_WARN_OBJC_IMPLICIT_RETAIN_SELF = YES;
				CLANG_WARN_OBJC_LITERAL_CONVERSION = YES;
				CLANG_WARN_OBJC_ROOT_CLASS = YES_ERROR;
				CLANG_WARN_RANGE_LOOP_ANALYSIS = YES;
				CLANG_WARN_STRICT_PROTOTYPES = YES;
				CLANG_WARN_SUSPICIOUS_MOVE = YES;
				CLANG_WARN_UNGUARDED_AVAILABILITY = YES_AGGRESSIVE;
				CLANG_WARN_UNREACHABLE_CODE = YES;
				CLANG_WARN__DUPLICATE_METHOD_MATCH = YES;
				CODE_SIGN_IDENTITY = "iPhone Developer";
				COPY_PHASE_STRIP = NO;
				DEBUG_INFORMATION_FORMAT = dwarf;
				ENABLE_STRICT_OBJC_MSGSEND = YES;
				ENABLE_TESTABILITY = YES;
				GCC_C_LANGUAGE_STANDARD = gnu11;
				GCC_DYNAMIC_NO_PIC = NO;
				GCC_NO_COMMON_BLOCKS = YES;
				GCC_OPTIMIZATION_LEVEL = 0;
				GCC_PREPROCESSOR_DEFINITIONS = (
					"DEBUG=1",
					"$(inherited)",
				);
				GCC_WARN_64_TO_32_BIT_CONVERSION = YES;
				GCC_WARN_ABOUT_RETURN_TYPE = YES_ERROR;
				GCC_WARN_UNDECLARED_SELECTOR = YES;
				GCC_WARN_UNINITIALIZED_AUTOS = YES_AGGRESSIVE;
				GCC_WARN_UNUSED_FUNCTION = YES;
				GCC_WARN_UNUSED_VARIABLE = YES;
				IPHONEOS_DEPLOYMENT_TARGET = 11.3;
				MTL_ENABLE_DEBUG_INFO = YES;
				ONLY_ACTIVE_ARCH = YES;
				SDKROOT = iphoneos;
				SWIFT_ACTIVE_COMPILATION_CONDITIONS = DEBUG;
				SWIFT_OPTIMIZATION_LEVEL = "-Onone";
			};
			name = Debug;
		};
		6E370DC12091DD3A0021E4DC /* Release */ = {
			isa = XCBuildConfiguration;
			buildSettings = {
				ALWAYS_SEARCH_USER_PATHS = NO;
				CLANG_ANALYZER_NONNULL = YES;
				CLANG_ANALYZER_NUMBER_OBJECT_CONVERSION = YES_AGGRESSIVE;
				CLANG_CXX_LANGUAGE_STANDARD = "gnu++14";
				CLANG_CXX_LIBRARY = "libc++";
				CLANG_ENABLE_MODULES = YES;
				CLANG_ENABLE_OBJC_ARC = YES;
				CLANG_ENABLE_OBJC_WEAK = YES;
				CLANG_WARN_BLOCK_CAPTURE_AUTORELEASING = YES;
				CLANG_WARN_BOOL_CONVERSION = YES;
				CLANG_WARN_COMMA = YES;
				CLANG_WARN_CONSTANT_CONVERSION = YES;
				CLANG_WARN_DEPRECATED_OBJC_IMPLEMENTATIONS = YES;
				CLANG_WARN_DIRECT_OBJC_ISA_USAGE = YES_ERROR;
				CLANG_WARN_DOCUMENTATION_COMMENTS = YES;
				CLANG_WARN_EMPTY_BODY = YES;
				CLANG_WARN_ENUM_CONVERSION = YES;
				CLANG_WARN_INFINITE_RECURSION = YES;
				CLANG_WARN_INT_CONVERSION = YES;
				CLANG_WARN_NON_LITERAL_NULL_CONVERSION = YES;
				CLANG_WARN_OBJC_IMPLICIT_RETAIN_SELF = YES;
				CLANG_WARN_OBJC_LITERAL_CONVERSION = YES;
				CLANG_WARN_OBJC_ROOT_CLASS = YES_ERROR;
				CLANG_WARN_RANGE_LOOP_ANALYSIS = YES;
				CLANG_WARN_STRICT_PROTOTYPES = YES;
				CLANG_WARN_SUSPICIOUS_MOVE = YES;
				CLANG_WARN_UNGUARDED_AVAILABILITY = YES_AGGRESSIVE;
				CLANG_WARN_UNREACHABLE_CODE = YES;
				CLANG_WARN__DUPLICATE_METHOD_MATCH = YES;
				CODE_SIGN_IDENTITY = "iPhone Developer";
				COPY_PHASE_STRIP = NO;
				DEBUG_INFORMATION_FORMAT = "dwarf-with-dsym";
				ENABLE_NS_ASSERTIONS = NO;
				ENABLE_STRICT_OBJC_MSGSEND = YES;
				GCC_C_LANGUAGE_STANDARD = gnu11;
				GCC_NO_COMMON_BLOCKS = YES;
				GCC_WARN_64_TO_32_BIT_CONVERSION = YES;
				GCC_WARN_ABOUT_RETURN_TYPE = YES_ERROR;
				GCC_WARN_UNDECLARED_SELECTOR = YES;
				GCC_WARN_UNINITIALIZED_AUTOS = YES_AGGRESSIVE;
				GCC_WARN_UNUSED_FUNCTION = YES;
				GCC_WARN_UNUSED_VARIABLE = YES;
				IPHONEOS_DEPLOYMENT_TARGET = 11.3;
				MTL_ENABLE_DEBUG_INFO = NO;
				SDKROOT = iphoneos;
				SWIFT_COMPILATION_MODE = wholemodule;
				SWIFT_OPTIMIZATION_LEVEL = "-O";
				VALIDATE_PRODUCT = YES;
			};
			name = Release;
		};
		6E370DC32091DD3A0021E4DC /* Debug */ = {
			isa = XCBuildConfiguration;
			baseConfigurationReference = 267233192B782D953080202B /* Pods-GitUserSearchMVI.debug.xcconfig */;
			buildSettings = {
				ASSETCATALOG_COMPILER_APPICON_NAME = AppIcon;
				CODE_SIGN_STYLE = Automatic;
				DEVELOPMENT_TEAM = MFA2TVG8P7;
				INFOPLIST_FILE = GitUserSearchMVI/Info.plist;
				LD_RUNPATH_SEARCH_PATHS = (
					"$(inherited)",
					"@executable_path/Frameworks",
				);
				PRODUCT_BUNDLE_IDENTIFIER = com.dogether.GitUserSearchMVI;
				PRODUCT_NAME = "$(TARGET_NAME)";
				SWIFT_VERSION = 4.0;
				TARGETED_DEVICE_FAMILY = "1,2";
			};
			name = Debug;
		};
		6E370DC42091DD3A0021E4DC /* Release */ = {
			isa = XCBuildConfiguration;
			baseConfigurationReference = B0EE40F3BEB425463D2F6E49 /* Pods-GitUserSearchMVI.release.xcconfig */;
			buildSettings = {
				ASSETCATALOG_COMPILER_APPICON_NAME = AppIcon;
				CODE_SIGN_STYLE = Automatic;
				DEVELOPMENT_TEAM = MFA2TVG8P7;
				INFOPLIST_FILE = GitUserSearchMVI/Info.plist;
				LD_RUNPATH_SEARCH_PATHS = (
					"$(inherited)",
					"@executable_path/Frameworks",
				);
				PRODUCT_BUNDLE_IDENTIFIER = com.dogether.GitUserSearchMVI;
				PRODUCT_NAME = "$(TARGET_NAME)";
				SWIFT_VERSION = 4.0;
				TARGETED_DEVICE_FAMILY = "1,2";
			};
			name = Release;
		};
		6E370DC62091DD3A0021E4DC /* Debug */ = {
			isa = XCBuildConfiguration;
			baseConfigurationReference = 4B755D74F669422162B51A99 /* Pods-GitUserSearchMVITests.debug.xcconfig */;
			buildSettings = {
				ALWAYS_EMBED_SWIFT_STANDARD_LIBRARIES = YES;
				BUNDLE_LOADER = "$(TEST_HOST)";
				CODE_SIGN_STYLE = Automatic;
				DEVELOPMENT_TEAM = MFA2TVG8P7;
				INFOPLIST_FILE = GitUserSearchMVITests/Info.plist;
				LD_RUNPATH_SEARCH_PATHS = (
					"$(inherited)",
					"@executable_path/Frameworks",
					"@loader_path/Frameworks",
				);
				PRODUCT_BUNDLE_IDENTIFIER = com.dogether.GitUserSearchMVITests;
				PRODUCT_NAME = "$(TARGET_NAME)";
				SWIFT_VERSION = 4.0;
				TARGETED_DEVICE_FAMILY = "1,2";
				TEST_HOST = "$(BUILT_PRODUCTS_DIR)/GitUserSearchMVI.app/GitUserSearchMVI";
			};
			name = Debug;
		};
		6E370DC72091DD3A0021E4DC /* Release */ = {
			isa = XCBuildConfiguration;
			baseConfigurationReference = A79893DD4F2715CED5E0B0CA /* Pods-GitUserSearchMVITests.release.xcconfig */;
			buildSettings = {
				ALWAYS_EMBED_SWIFT_STANDARD_LIBRARIES = YES;
				BUNDLE_LOADER = "$(TEST_HOST)";
				CODE_SIGN_STYLE = Automatic;
				DEVELOPMENT_TEAM = MFA2TVG8P7;
				INFOPLIST_FILE = GitUserSearchMVITests/Info.plist;
				LD_RUNPATH_SEARCH_PATHS = (
					"$(inherited)",
					"@executable_path/Frameworks",
					"@loader_path/Frameworks",
				);
				PRODUCT_BUNDLE_IDENTIFIER = com.dogether.GitUserSearchMVITests;
				PRODUCT_NAME = "$(TARGET_NAME)";
				SWIFT_VERSION = 4.0;
				TARGETED_DEVICE_FAMILY = "1,2";
				TEST_HOST = "$(BUILT_PRODUCTS_DIR)/GitUserSearchMVI.app/GitUserSearchMVI";
			};
			name = Release;
		};
		6E370DC92091DD3A0021E4DC /* Debug */ = {
			isa = XCBuildConfiguration;
			baseConfigurationReference = 7C955331D6B94780C76054BF /* Pods-GitUserSearchMVIUITests.debug.xcconfig */;
			buildSettings = {
				ALWAYS_EMBED_SWIFT_STANDARD_LIBRARIES = YES;
				CODE_SIGN_STYLE = Automatic;
				DEVELOPMENT_TEAM = MFA2TVG8P7;
				INFOPLIST_FILE = GitUserSearchMVIUITests/Info.plist;
				LD_RUNPATH_SEARCH_PATHS = (
					"$(inherited)",
					"@executable_path/Frameworks",
					"@loader_path/Frameworks",
				);
				PRODUCT_BUNDLE_IDENTIFIER = com.dogether.GitUserSearchMVIUITests;
				PRODUCT_NAME = "$(TARGET_NAME)";
				SWIFT_VERSION = 4.0;
				TARGETED_DEVICE_FAMILY = "1,2";
				TEST_TARGET_NAME = GitUserSearchMVI;
			};
			name = Debug;
		};
		6E370DCA2091DD3A0021E4DC /* Release */ = {
			isa = XCBuildConfiguration;
			baseConfigurationReference = B9FA6CCB7A63AE9965302FBE /* Pods-GitUserSearchMVIUITests.release.xcconfig */;
			buildSettings = {
				ALWAYS_EMBED_SWIFT_STANDARD_LIBRARIES = YES;
				CODE_SIGN_STYLE = Automatic;
				DEVELOPMENT_TEAM = MFA2TVG8P7;
				INFOPLIST_FILE = GitUserSearchMVIUITests/Info.plist;
				LD_RUNPATH_SEARCH_PATHS = (
					"$(inherited)",
					"@executable_path/Frameworks",
					"@loader_path/Frameworks",
				);
				PRODUCT_BUNDLE_IDENTIFIER = com.dogether.GitUserSearchMVIUITests;
				PRODUCT_NAME = "$(TARGET_NAME)";
				SWIFT_VERSION = 4.0;
				TARGETED_DEVICE_FAMILY = "1,2";
				TEST_TARGET_NAME = GitUserSearchMVI;
			};
			name = Release;
		};
/* End XCBuildConfiguration section */

/* Begin XCConfigurationList section */
		6E370D952091DD380021E4DC /* Build configuration list for PBXProject "GitUserSearchMVI" */ = {
			isa = XCConfigurationList;
			buildConfigurations = (
				6E370DC02091DD3A0021E4DC /* Debug */,
				6E370DC12091DD3A0021E4DC /* Release */,
			);
			defaultConfigurationIsVisible = 0;
			defaultConfigurationName = Release;
		};
		6E370DC22091DD3A0021E4DC /* Build configuration list for PBXNativeTarget "GitUserSearchMVI" */ = {
			isa = XCConfigurationList;
			buildConfigurations = (
				6E370DC32091DD3A0021E4DC /* Debug */,
				6E370DC42091DD3A0021E4DC /* Release */,
			);
			defaultConfigurationIsVisible = 0;
			defaultConfigurationName = Release;
		};
		6E370DC52091DD3A0021E4DC /* Build configuration list for PBXNativeTarget "GitUserSearchMVITests" */ = {
			isa = XCConfigurationList;
			buildConfigurations = (
				6E370DC62091DD3A0021E4DC /* Debug */,
				6E370DC72091DD3A0021E4DC /* Release */,
			);
			defaultConfigurationIsVisible = 0;
			defaultConfigurationName = Release;
		};
		6E370DC82091DD3A0021E4DC /* Build configuration list for PBXNativeTarget "GitUserSearchMVIUITests" */ = {
			isa = XCConfigurationList;
			buildConfigurations = (
				6E370DC92091DD3A0021E4DC /* Debug */,
				6E370DCA2091DD3A0021E4DC /* Release */,
			);
			defaultConfigurationIsVisible = 0;
			defaultConfigurationName = Release;
		};
/* End XCConfigurationList section */
	};
	rootObject = 6E370D922091DD380021E4DC /* Project object */;
}
